// !$*UTF8*$!
{
	archiveVersion = 1;
	classes = {
	};
	objectVersion = 56;
	objects = {

/* Begin PBXBuildFile section */
		D46E3D7029809175002D1E4F /* AppDelegate.swift in Sources */ = {isa = PBXBuildFile; fileRef = D46E3D6F29809175002D1E4F /* AppDelegate.swift */; };
		D46E3D7229809175002D1E4F /* SceneDelegate.swift in Sources */ = {isa = PBXBuildFile; fileRef = D46E3D7129809175002D1E4F /* SceneDelegate.swift */; };
		D46E3D7429809175002D1E4F /* HomeVC.swift in Sources */ = {isa = PBXBuildFile; fileRef = D46E3D7329809175002D1E4F /* HomeVC.swift */; };
		D46E3D7929809176002D1E4F /* Assets.xcassets in Resources */ = {isa = PBXBuildFile; fileRef = D46E3D7829809176002D1E4F /* Assets.xcassets */; };
		D46E3D7C29809176002D1E4F /* LaunchScreen.storyboard in Resources */ = {isa = PBXBuildFile; fileRef = D46E3D7A29809176002D1E4F /* LaunchScreen.storyboard */; };
		D46E3D84298093F8002D1E4F /* HomeTableViewCell.swift in Sources */ = {isa = PBXBuildFile; fileRef = D46E3D83298093F8002D1E4F /* HomeTableViewCell.swift */; };
		D46E3D8629809750002D1E4F /* TabBar.swift in Sources */ = {isa = PBXBuildFile; fileRef = D46E3D8529809750002D1E4F /* TabBar.swift */; };
		D46E3D88298098CB002D1E4F /* GameDetailsVC.swift in Sources */ = {isa = PBXBuildFile; fileRef = D46E3D87298098CB002D1E4F /* GameDetailsVC.swift */; };
		D46E3D8B29809A7C002D1E4F /* FavoriteGamesVC.swift in Sources */ = {isa = PBXBuildFile; fileRef = D46E3D8A29809A7C002D1E4F /* FavoriteGamesVC.swift */; };
		D46E3D8D29809AC0002D1E4F /* FavoriteGamesTableViewCell.swift in Sources */ = {isa = PBXBuildFile; fileRef = D46E3D8C29809AC0002D1E4F /* FavoriteGamesTableViewCell.swift */; };
		D46E3D8F29809CA0002D1E4F /* CommentVC.swift in Sources */ = {isa = PBXBuildFile; fileRef = D46E3D8E29809CA0002D1E4F /* CommentVC.swift */; };
		D46E3D9129809D51002D1E4F /* CommentCell.swift in Sources */ = {isa = PBXBuildFile; fileRef = D46E3D9029809D51002D1E4F /* CommentCell.swift */; };
/* End PBXBuildFile section */

/* Begin PBXFileReference section */
		D46E3D6C29809175002D1E4F /* Simpra Final Project.app */ = {isa = PBXFileReference; explicitFileType = wrapper.application; includeInIndex = 0; path = "Simpra Final Project.app"; sourceTree = BUILT_PRODUCTS_DIR; };
		D46E3D6F29809175002D1E4F /* AppDelegate.swift */ = {isa = PBXFileReference; lastKnownFileType = sourcecode.swift; path = AppDelegate.swift; sourceTree = "<group>"; };
		D46E3D7129809175002D1E4F /* SceneDelegate.swift */ = {isa = PBXFileReference; lastKnownFileType = sourcecode.swift; path = SceneDelegate.swift; sourceTree = "<group>"; };
		D46E3D7329809175002D1E4F /* HomeVC.swift */ = {isa = PBXFileReference; lastKnownFileType = sourcecode.swift; path = HomeVC.swift; sourceTree = "<group>"; };
		D46E3D7829809176002D1E4F /* Assets.xcassets */ = {isa = PBXFileReference; lastKnownFileType = folder.assetcatalog; path = Assets.xcassets; sourceTree = "<group>"; };
		D46E3D7B29809176002D1E4F /* Base */ = {isa = PBXFileReference; lastKnownFileType = file.storyboard; name = Base; path = Base.lproj/LaunchScreen.storyboard; sourceTree = "<group>"; };
		D46E3D7D29809176002D1E4F /* Info.plist */ = {isa = PBXFileReference; lastKnownFileType = text.plist.xml; path = Info.plist; sourceTree = "<group>"; };
		D46E3D83298093F8002D1E4F /* HomeTableViewCell.swift */ = {isa = PBXFileReference; lastKnownFileType = sourcecode.swift; path = HomeTableViewCell.swift; sourceTree = "<group>"; };
		D46E3D8529809750002D1E4F /* TabBar.swift */ = {isa = PBXFileReference; lastKnownFileType = sourcecode.swift; path = TabBar.swift; sourceTree = "<group>"; };
		D46E3D87298098CB002D1E4F /* GameDetailsVC.swift */ = {isa = PBXFileReference; lastKnownFileType = sourcecode.swift; path = GameDetailsVC.swift; sourceTree = "<group>"; };
		D46E3D8A29809A7C002D1E4F /* FavoriteGamesVC.swift */ = {isa = PBXFileReference; lastKnownFileType = sourcecode.swift; path = FavoriteGamesVC.swift; sourceTree = "<group>"; };
		D46E3D8C29809AC0002D1E4F /* FavoriteGamesTableViewCell.swift */ = {isa = PBXFileReference; lastKnownFileType = sourcecode.swift; path = FavoriteGamesTableViewCell.swift; sourceTree = "<group>"; };
		D46E3D8E29809CA0002D1E4F /* CommentVC.swift */ = {isa = PBXFileReference; lastKnownFileType = sourcecode.swift; path = CommentVC.swift; sourceTree = "<group>"; };
		D46E3D9029809D51002D1E4F /* CommentCell.swift */ = {isa = PBXFileReference; lastKnownFileType = sourcecode.swift; path = CommentCell.swift; sourceTree = "<group>"; };
/* End PBXFileReference section */

/* Begin PBXFrameworksBuildPhase section */
		D46E3D6929809175002D1E4F /* Frameworks */ = {
			isa = PBXFrameworksBuildPhase;
			buildActionMask = 2147483647;
			files = (
			);
			runOnlyForDeploymentPostprocessing = 0;
		};
/* End PBXFrameworksBuildPhase section */

/* Begin PBXGroup section */
		D46E3D6329809175002D1E4F = {
			isa = PBXGroup;
			children = (
				D46E3D6E29809175002D1E4F /* Simpra Final Project */,
				D46E3D6D29809175002D1E4F /* Products */,
			);
			sourceTree = "<group>";
		};
		D46E3D6D29809175002D1E4F /* Products */ = {
			isa = PBXGroup;
			children = (
				D46E3D6C29809175002D1E4F /* Simpra Final Project.app */,
			);
			name = Products;
			sourceTree = "<group>";
		};
		D46E3D6E29809175002D1E4F /* Simpra Final Project */ = {
			isa = PBXGroup;
			children = (
				D46E3D982980AA33002D1E4F /* Web Services */,
				D46E3D922980A9E2002D1E4F /* ViewControllers */,
				D46E3D932980AA04002D1E4F /* Cells */,
				D46E3D972980AA2B002D1E4F /* Views */,
				D46E3D962980AA22002D1E4F /* ViewModels */,
				D46E3D952980AA18002D1E4F /* Models */,
				D46E3D942980AA13002D1E4F /* Resource */,
				D46E3D7829809176002D1E4F /* Assets.xcassets */,
				D46E3D7A29809176002D1E4F /* LaunchScreen.storyboard */,
				D46E3D7D29809176002D1E4F /* Info.plist */,
			);
			path = "Simpra Final Project";
			sourceTree = "<group>";
		};
		D46E3D922980A9E2002D1E4F /* ViewControllers */ = {
			isa = PBXGroup;
			children = (
				D46E3D9A2980AACC002D1E4F /* Core */,
				D46E3D992980AAC5002D1E4F /* General */,
			);
			path = ViewControllers;
			sourceTree = "<group>";
		};
		D46E3D932980AA04002D1E4F /* Cells */ = {
			isa = PBXGroup;
			children = (
				D46E3D83298093F8002D1E4F /* HomeTableViewCell.swift */,
				D46E3D8C29809AC0002D1E4F /* FavoriteGamesTableViewCell.swift */,
				D46E3D9029809D51002D1E4F /* CommentCell.swift */,
			);
			path = Cells;
			sourceTree = "<group>";
		};
		D46E3D942980AA13002D1E4F /* Resource */ = {
			isa = PBXGroup;
			children = (
				D46E3D6F29809175002D1E4F /* AppDelegate.swift */,
				D46E3D7129809175002D1E4F /* SceneDelegate.swift */,
			);
			path = Resource;
			sourceTree = "<group>";
		};
		D46E3D952980AA18002D1E4F /* Models */ = {
			isa = PBXGroup;
			children = (
			);
			path = Models;
			sourceTree = "<group>";
		};
		D46E3D962980AA22002D1E4F /* ViewModels */ = {
			isa = PBXGroup;
			children = (
			);
			path = ViewModels;
			sourceTree = "<group>";
		};
		D46E3D972980AA2B002D1E4F /* Views */ = {
			isa = PBXGroup;
			children = (
				D46E3D8529809750002D1E4F /* TabBar.swift */,
			);
			path = Views;
			sourceTree = "<group>";
		};
		D46E3D982980AA33002D1E4F /* Web Services */ = {
			isa = PBXGroup;
			children = (
			);
			path = "Web Services";
			sourceTree = "<group>";
		};
		D46E3D992980AAC5002D1E4F /* General */ = {
			isa = PBXGroup;
			children = (
				D46E3D87298098CB002D1E4F /* GameDetailsVC.swift */,
			);
			path = General;
			sourceTree = "<group>";
		};
		D46E3D9A2980AACC002D1E4F /* Core */ = {
			isa = PBXGroup;
			children = (
				D46E3D7329809175002D1E4F /* HomeVC.swift */,
				D46E3D8A29809A7C002D1E4F /* FavoriteGamesVC.swift */,
				D46E3D8E29809CA0002D1E4F /* CommentVC.swift */,
			);
			path = Core;
			sourceTree = "<group>";
		};
/* End PBXGroup section */

/* Begin PBXNativeTarget section */
		D46E3D6B29809175002D1E4F /* Simpra Final Project */ = {
			isa = PBXNativeTarget;
			buildConfigurationList = D46E3D8029809176002D1E4F /* Build configuration list for PBXNativeTarget "Simpra Final Project" */;
			buildPhases = (
				D46E3D6829809175002D1E4F /* Sources */,
				D46E3D6929809175002D1E4F /* Frameworks */,
				D46E3D6A29809175002D1E4F /* Resources */,
			);
			buildRules = (
			);
			dependencies = (
			);
			name = "Simpra Final Project";
			productName = "Simpra Final Project";
			productReference = D46E3D6C29809175002D1E4F /* Simpra Final Project.app */;
			productType = "com.apple.product-type.application";
		};
/* End PBXNativeTarget section */

/* Begin PBXProject section */
		D46E3D6429809175002D1E4F /* Project object */ = {
			isa = PBXProject;
			attributes = {
				BuildIndependentTargetsInParallel = 1;
				LastSwiftUpdateCheck = 1420;
				LastUpgradeCheck = 1420;
				TargetAttributes = {
					D46E3D6B29809175002D1E4F = {
						CreatedOnToolsVersion = 14.2;
					};
				};
			};
			buildConfigurationList = D46E3D6729809175002D1E4F /* Build configuration list for PBXProject "Simpra Final Project" */;
			compatibilityVersion = "Xcode 14.0";
			developmentRegion = en;
			hasScannedForEncodings = 0;
			knownRegions = (
				en,
				Base,
			);
			mainGroup = D46E3D6329809175002D1E4F;
			productRefGroup = D46E3D6D29809175002D1E4F /* Products */;
			projectDirPath = "";
			projectRoot = "";
			targets = (
				D46E3D6B29809175002D1E4F /* Simpra Final Project */,
			);
		};
/* End PBXProject section */

/* Begin PBXResourcesBuildPhase section */
		D46E3D6A29809175002D1E4F /* Resources */ = {
			isa = PBXResourcesBuildPhase;
			buildActionMask = 2147483647;
			files = (
				D46E3D7C29809176002D1E4F /* LaunchScreen.storyboard in Resources */,
				D46E3D7929809176002D1E4F /* Assets.xcassets in Resources */,
			);
			runOnlyForDeploymentPostprocessing = 0;
		};
/* End PBXResourcesBuildPhase section */

/* Begin PBXSourcesBuildPhase section */
		D46E3D6829809175002D1E4F /* Sources */ = {
			isa = PBXSourcesBuildPhase;
			buildActionMask = 2147483647;
			files = (
				D46E3D7429809175002D1E4F /* HomeVC.swift in Sources */,
				D46E3D7029809175002D1E4F /* AppDelegate.swift in Sources */,
				D46E3D84298093F8002D1E4F /* HomeTableViewCell.swift in Sources */,
				D46E3D8F29809CA0002D1E4F /* CommentVC.swift in Sources */,
				D46E3D7229809175002D1E4F /* SceneDelegate.swift in Sources */,
				D46E3D9129809D51002D1E4F /* CommentCell.swift in Sources */,
				D46E3D8B29809A7C002D1E4F /* FavoriteGamesVC.swift in Sources */,
				D46E3D8629809750002D1E4F /* TabBar.swift in Sources */,
				D46E3D8D29809AC0002D1E4F /* FavoriteGamesTableViewCell.swift in Sources */,
				D46E3D88298098CB002D1E4F /* GameDetailsVC.swift in Sources */,
			);
			runOnlyForDeploymentPostprocessing = 0;
		};
/* End PBXSourcesBuildPhase section */

/* Begin PBXVariantGroup section */
		D46E3D7A29809176002D1E4F /* LaunchScreen.storyboard */ = {
			isa = PBXVariantGroup;
			children = (
				D46E3D7B29809176002D1E4F /* Base */,
			);
			name = LaunchScreen.storyboard;
			sourceTree = "<group>";
		};
/* End PBXVariantGroup section */

/* Begin XCBuildConfiguration section */
		D46E3D7E29809176002D1E4F /* Debug */ = {
			isa = XCBuildConfiguration;
			buildSettings = {
				ALWAYS_SEARCH_USER_PATHS = NO;
				CLANG_ANALYZER_NONNULL = YES;
				CLANG_ANALYZER_NUMBER_OBJECT_CONVERSION = YES_AGGRESSIVE;
				CLANG_CXX_LANGUAGE_STANDARD = "gnu++20";
				CLANG_ENABLE_MODULES = YES;
				CLANG_ENABLE_OBJC_ARC = YES;
				CLANG_ENABLE_OBJC_WEAK = YES;
				CLANG_WARN_BLOCK_CAPTURE_AUTORELEASING = YES;
				CLANG_WARN_BOOL_CONVERSION = YES;
				CLANG_WARN_COMMA = YES;
				CLANG_WARN_CONSTANT_CONVERSION = YES;
				CLANG_WARN_DEPRECATED_OBJC_IMPLEMENTATIONS = YES;
				CLANG_WARN_DIRECT_OBJC_ISA_USAGE = YES_ERROR;
				CLANG_WARN_DOCUMENTATION_COMMENTS = YES;
				CLANG_WARN_EMPTY_BODY = YES;
				CLANG_WARN_ENUM_CONVERSION = YES;
				CLANG_WARN_INFINITE_RECURSION = YES;
				CLANG_WARN_INT_CONVERSION = YES;
				CLANG_WARN_NON_LITERAL_NULL_CONVERSION = YES;
				CLANG_WARN_OBJC_IMPLICIT_RETAIN_SELF = YES;
				CLANG_WARN_OBJC_LITERAL_CONVERSION = YES;
				CLANG_WARN_OBJC_ROOT_CLASS = YES_ERROR;
				CLANG_WARN_QUOTED_INCLUDE_IN_FRAMEWORK_HEADER = YES;
				CLANG_WARN_RANGE_LOOP_ANALYSIS = YES;
				CLANG_WARN_STRICT_PROTOTYPES = YES;
				CLANG_WARN_SUSPICIOUS_MOVE = YES;
				CLANG_WARN_UNGUARDED_AVAILABILITY = YES_AGGRESSIVE;
				CLANG_WARN_UNREACHABLE_CODE = YES;
				CLANG_WARN__DUPLICATE_METHOD_MATCH = YES;
				COPY_PHASE_STRIP = NO;
				DEBUG_INFORMATION_FORMAT = dwarf;
				ENABLE_STRICT_OBJC_MSGSEND = YES;
				ENABLE_TESTABILITY = YES;
				GCC_C_LANGUAGE_STANDARD = gnu11;
				GCC_DYNAMIC_NO_PIC = NO;
				GCC_NO_COMMON_BLOCKS = YES;
				GCC_OPTIMIZATION_LEVEL = 0;
				GCC_PREPROCESSOR_DEFINITIONS = (
					"DEBUG=1",
					"$(inherited)",
				);
				GCC_WARN_64_TO_32_BIT_CONVERSION = YES;
				GCC_WARN_ABOUT_RETURN_TYPE = YES_ERROR;
				GCC_WARN_UNDECLARED_SELECTOR = YES;
				GCC_WARN_UNINITIALIZED_AUTOS = YES_AGGRESSIVE;
				GCC_WARN_UNUSED_FUNCTION = YES;
				GCC_WARN_UNUSED_VARIABLE = YES;
				IPHONEOS_DEPLOYMENT_TARGET = 16.2;
				MTL_ENABLE_DEBUG_INFO = INCLUDE_SOURCE;
				MTL_FAST_MATH = YES;
				ONLY_ACTIVE_ARCH = YES;
				SDKROOT = iphoneos;
				SWIFT_ACTIVE_COMPILATION_CONDITIONS = DEBUG;
				SWIFT_OPTIMIZATION_LEVEL = "-Onone";
			};
			name = Debug;
		};
		D46E3D7F29809176002D1E4F /* Release */ = {
			isa = XCBuildConfiguration;
			buildSettings = {
				ALWAYS_SEARCH_USER_PATHS = NO;
				CLANG_ANALYZER_NONNULL = YES;
				CLANG_ANALYZER_NUMBER_OBJECT_CONVERSION = YES_AGGRESSIVE;
				CLANG_CXX_LANGUAGE_STANDARD = "gnu++20";
				CLANG_ENABLE_MODULES = YES;
				CLANG_ENABLE_OBJC_ARC = YES;
				CLANG_ENABLE_OBJC_WEAK = YES;
				CLANG_WARN_BLOCK_CAPTURE_AUTORELEASING = YES;
				CLANG_WARN_BOOL_CONVERSION = YES;
				CLANG_WARN_COMMA = YES;
				CLANG_WARN_CONSTANT_CONVERSION = YES;
				CLANG_WARN_DEPRECATED_OBJC_IMPLEMENTATIONS = YES;
				CLANG_WARN_DIRECT_OBJC_ISA_USAGE = YES_ERROR;
				CLANG_WARN_DOCUMENTATION_COMMENTS = YES;
				CLANG_WARN_EMPTY_BODY = YES;
				CLANG_WARN_ENUM_CONVERSION = YES;
				CLANG_WARN_INFINITE_RECURSION = YES;
				CLANG_WARN_INT_CONVERSION = YES;
				CLANG_WARN_NON_LITERAL_NULL_CONVERSION = YES;
				CLANG_WARN_OBJC_IMPLICIT_RETAIN_SELF = YES;
				CLANG_WARN_OBJC_LITERAL_CONVERSION = YES;
				CLANG_WARN_OBJC_ROOT_CLASS = YES_ERROR;
				CLANG_WARN_QUOTED_INCLUDE_IN_FRAMEWORK_HEADER = YES;
				CLANG_WARN_RANGE_LOOP_ANALYSIS = YES;
				CLANG_WARN_STRICT_PROTOTYPES = YES;
				CLANG_WARN_SUSPICIOUS_MOVE = YES;
				CLANG_WARN_UNGUARDED_AVAILABILITY = YES_AGGRESSIVE;
				CLANG_WARN_UNREACHABLE_CODE = YES;
				CLANG_WARN__DUPLICATE_METHOD_MATCH = YES;
				COPY_PHASE_STRIP = NO;
				DEBUG_INFORMATION_FORMAT = "dwarf-with-dsym";
				ENABLE_NS_ASSERTIONS = NO;
				ENABLE_STRICT_OBJC_MSGSEND = YES;
				GCC_C_LANGUAGE_STANDARD = gnu11;
				GCC_NO_COMMON_BLOCKS = YES;
				GCC_WARN_64_TO_32_BIT_CONVERSION = YES;
				GCC_WARN_ABOUT_RETURN_TYPE = YES_ERROR;
				GCC_WARN_UNDECLARED_SELECTOR = YES;
				GCC_WARN_UNINITIALIZED_AUTOS = YES_AGGRESSIVE;
				GCC_WARN_UNUSED_FUNCTION = YES;
				GCC_WARN_UNUSED_VARIABLE = YES;
				IPHONEOS_DEPLOYMENT_TARGET = 16.2;
				MTL_ENABLE_DEBUG_INFO = NO;
				MTL_FAST_MATH = YES;
				SDKROOT = iphoneos;
				SWIFT_COMPILATION_MODE = wholemodule;
				SWIFT_OPTIMIZATION_LEVEL = "-O";
				VALIDATE_PRODUCT = YES;
			};
			name = Release;
		};
		D46E3D8129809176002D1E4F /* Debug */ = {
			isa = XCBuildConfiguration;
			buildSettings = {
				ASSETCATALOG_COMPILER_APPICON_NAME = AppIcon;
				ASSETCATALOG_COMPILER_GLOBAL_ACCENT_COLOR_NAME = AccentColor;
				CODE_SIGN_STYLE = Automatic;
				CURRENT_PROJECT_VERSION = 1;
				DEVELOPMENT_TEAM = 373Z282HAT;
				GENERATE_INFOPLIST_FILE = YES;
				INFOPLIST_FILE = "Simpra Final Project/Info.plist";
				INFOPLIST_KEY_UIApplicationSupportsIndirectInputEvents = YES;
				INFOPLIST_KEY_UILaunchStoryboardName = LaunchScreen;
				INFOPLIST_KEY_UIMainStoryboardFile = "";
				INFOPLIST_KEY_UISupportedInterfaceOrientations_iPad = "UIInterfaceOrientationPortrait UIInterfaceOrientationPortraitUpsideDown UIInterfaceOrientationLandscapeLeft UIInterfaceOrientationLandscapeRight";
				INFOPLIST_KEY_UISupportedInterfaceOrientations_iPhone = "UIInterfaceOrientationPortrait UIInterfaceOrientationLandscapeLeft UIInterfaceOrientationLandscapeRight";
				LD_RUNPATH_SEARCH_PATHS = (
					"$(inherited)",
					"@executable_path/Frameworks",
				);
				MARKETING_VERSION = 1.0;
				PRODUCT_BUNDLE_IDENTIFIER = "com.hakanbaran.Simpra-Final-Project";
				PRODUCT_NAME = "$(TARGET_NAME)";
				SUPPORTED_PLATFORMS = "iphoneos iphonesimulator";
				SUPPORTS_MACCATALYST = NO;
				SUPPORTS_MAC_DESIGNED_FOR_IPHONE_IPAD = NO;
				SWIFT_EMIT_LOC_STRINGS = YES;
				SWIFT_VERSION = 5.0;
				TARGETED_DEVICE_FAMILY = "1,2";
			};
			name = Debug;
		};
		D46E3D8229809176002D1E4F /* Release */ = {
			isa = XCBuildConfiguration;
			buildSettings = {
				ASSETCATALOG_COMPILER_APPICON_NAME = AppIcon;
				ASSETCATALOG_COMPILER_GLOBAL_ACCENT_COLOR_NAME = AccentColor;
				CODE_SIGN_STYLE = Automatic;
				CURRENT_PROJECT_VERSION = 1;
				DEVELOPMENT_TEAM = 373Z282HAT;
				GENERATE_INFOPLIST_FILE = YES;
				INFOPLIST_FILE = "Simpra Final Project/Info.plist";
				INFOPLIST_KEY_UIApplicationSupportsIndirectInputEvents = YES;
				INFOPLIST_KEY_UILaunchStoryboardName = LaunchScreen;
				INFOPLIST_KEY_UIMainStoryboardFile = "";
				INFOPLIST_KEY_UISupportedInterfaceOrientations_iPad = "UIInterfaceOrientationPortrait UIInterfaceOrientationPortraitUpsideDown UIInterfaceOrientationLandscapeLeft UIInterfaceOrientationLandscapeRight";
				INFOPLIST_KEY_UISupportedInterfaceOrientations_iPhone = "UIInterfaceOrientationPortrait UIInterfaceOrientationLandscapeLeft UIInterfaceOrientationLandscapeRight";
				LD_RUNPATH_SEARCH_PATHS = (
					"$(inherited)",
					"@executable_path/Frameworks",
				);
				MARKETING_VERSION = 1.0;
				PRODUCT_BUNDLE_IDENTIFIER = "com.hakanbaran.Simpra-Final-Project";
				PRODUCT_NAME = "$(TARGET_NAME)";
				SUPPORTED_PLATFORMS = "iphoneos iphonesimulator";
				SUPPORTS_MACCATALYST = NO;
				SUPPORTS_MAC_DESIGNED_FOR_IPHONE_IPAD = NO;
				SWIFT_EMIT_LOC_STRINGS = YES;
				SWIFT_VERSION = 5.0;
				TARGETED_DEVICE_FAMILY = "1,2";
			};
			name = Release;
		};
/* End XCBuildConfiguration section */

/* Begin XCConfigurationList section */
		D46E3D6729809175002D1E4F /* Build configuration list for PBXProject "Simpra Final Project" */ = {
			isa = XCConfigurationList;
			buildConfigurations = (
				D46E3D7E29809176002D1E4F /* Debug */,
				D46E3D7F29809176002D1E4F /* Release */,
			);
			defaultConfigurationIsVisible = 0;
			defaultConfigurationName = Release;
		};
		D46E3D8029809176002D1E4F /* Build configuration list for PBXNativeTarget "Simpra Final Project" */ = {
			isa = XCConfigurationList;
			buildConfigurations = (
				D46E3D8129809176002D1E4F /* Debug */,
				D46E3D8229809176002D1E4F /* Release */,
			);
			defaultConfigurationIsVisible = 0;
			defaultConfigurationName = Release;
		};
/* End XCConfigurationList section */
	};
	rootObject = D46E3D6429809175002D1E4F /* Project object */;
}
